
Microsoft Visual Studio Solution File, Format Version 12.00
# Visual Studio Version 17
VisualStudioVersion = 17.3.32804.467
MinimumVisualStudioVersion = 10.0.40219.1
Project("{FAE04EC0-301F-11D3-BF4B-00C04F79EFBC}") = "WebApplication5", "WebApplication5\WebApplication5.csproj", "{4157D615-BABB-4612-B5BF-86002F7CC089}"
EndProject
Global
	GlobalSection(SolutionConfigurationPlatforms) = preSolution
		Debug|Any CPU = Debug|Any CPU
		Release|Any CPU = Release|Any CPU
	EndGlobalSection
	GlobalSection(ProjectConfigurationPlatforms) = postSolution
		{4157D615-BABB-4612-B5BF-86002F7CC089}.Debug|Any CPU.ActiveCfg = Debug|Any CPU
		{4157D615-BABB-4612-B5BF-86002F7CC089}.Debug|Any CPU.Build.0 = Debug|Any CPU
		{4157D615-BABB-4612-B5BF-86002F7CC089}.Release|Any CPU.ActiveCfg = Release|Any CPU
		{4157D615-BABB-4612-B5BF-86002F7CC089}.Release|Any CPU.Build.0 = Release|Any CPU
	EndGlobalSection
	GlobalSection(SolutionProperties) = preSolution
		HideSolutionNode = FALSE
	EndGlobalSection
	GlobalSection(ExtensibilityGlobals) = postSolution
		SolutionGuid = {8A062FC4-D7B2-4066-A4BD-FA5699A38773}
	EndGlobalSection
EndGlobal
